
Microsoft Visual Studio Solution File, Format Version 12.00
# Visual Studio 15
VisualStudioVersion = 15.0.26730.16
MinimumVisualStudioVersion = 10.0.40219.1
Project("{FAE04EC0-301F-11D3-BF4B-00C04F79EFBC}") = "TFLiteSharp", "TFLiteSharp\TFLiteSharp.csproj", "{22D47176-D5AD-4AD4-8867-8788139DF71C}"
EndProject
Global
	GlobalSection(SolutionConfigurationPlatforms) = preSolution
		Debug|Any CPU = Debug|Any CPU
		Release|Any CPU = Release|Any CPU
	EndGlobalSection
	GlobalSection(ProjectConfigurationPlatforms) = postSolution
		{22D47176-D5AD-4AD4-8867-8788139DF71C}.Debug|Any CPU.ActiveCfg = Debug|Any CPU
		{22D47176-D5AD-4AD4-8867-8788139DF71C}.Debug|Any CPU.Build.0 = Debug|Any CPU
		{22D47176-D5AD-4AD4-8867-8788139DF71C}.Release|Any CPU.ActiveCfg = Release|Any CPU
		{22D47176-D5AD-4AD4-8867-8788139DF71C}.Release|Any CPU.Build.0 = Release|Any CPU
	EndGlobalSection
	GlobalSection(SolutionProperties) = preSolution
		HideSolutionNode = FALSE
	EndGlobalSection
	GlobalSection(ExtensibilityGlobals) = postSolution
		SolutionGuid = {1B276F69-8E79-4501-AF04-6D340690762B}
	EndGlobalSection
EndGlobal
